Microsoft Visual Studio Solution File, Format Version 12.00
# Visual Studio Version 17
VisualStudioVersion = 17.0.31913.202
MinimumVisualStudioVersion = 10.0.40219.1
Project("{F85E285D-4C8B-4B2D-8D4D-8B3D4B8B8B8B}") = "BankAccountAPI", "BankAccountAPI\BankAccountAPI.csproj", "{A1B2C3D4-E5F6-7A8B-9C0D-E1F2G3H4I5J6}"
EndProject
Project("{F85E285D-4C8B-4B2D-8D4D-8B3D4B8B8B8B}") = "BankAccountAPI.Tests", "BankAccountAPI.Tests\BankAccountAPI.Tests.csproj", "{K7L8M9N0-O1P2-Q3R4-S5T6-U7V8W9X0Y1Z2}"
EndProject
Global
    GlobalSection(SolutionConfigurationPlatforms) = preSolution
        Debug|Any CPU = Debug|Any CPU
        Release|Any CPU = Release|Any CPU
    EndGlobalSection
    GlobalSection(ProjectConfigurationPlatforms) = postSolution
        {A1B2C3D4-E5F6-7A8B-9C0D-E1F2G3H4I5J6}.Debug|Any CPU.ActiveCfg = Debug|Any CPU
        {A1B2C3D4-E5F6-7A8B-9C0D-E1F2G3H4I5J6}.Debug|Any CPU.Build.0 = Debug|Any CPU
        {A1B2C3D4-E5F6-7A8B-9C0D-E1F2G3H4I5J6}.Release|Any CPU.ActiveCfg = Release|Any CPU
        {A1B2C3D4-E5F6-7A8B-9C0D-E1F2G3H4I5J6}.Release|Any CPU.Build.0 = Release|Any CPU
        {K7L8M9N0-O1P2-Q3R4-S5T6-U7V8W9X0Y1Z2}.Debug|Any CPU.ActiveCfg = Debug|Any CPU
        {K7L8M9N0-O1P2-Q3R4-S5T6-U7V8W9X0Y1Z2}.Debug|Any CPU.Build.0 = Debug|Any CPU
        {K7L8M9N0-O1P2-Q3R4-S5T6-U7V8W9X0Y1Z2}.Release|Any CPU.ActiveCfg = Release|Any CPU
        {K7L8M9N0-O1P2-Q3R4-S5T6-U7V8W9X0Y1Z2}.Release|Any CPU.Build.0 = Release|Any CPU
    EndGlobalSection
EndGlobal